
Microsoft Visual Studio Solution File, Format Version 12.00
# Visual Studio Version 17
VisualStudioVersion = 17.6.33815.320
MinimumVisualStudioVersion = 10.0.40219.1
Project("{8BC9CEB8-8B4A-11D0-8D11-00A0C91BC942}") = "IntroductionToOOP", "IntroductionToOOP\IntroductionToOOP.vcxproj", "{9B218A65-B321-4D21-8C47-D47B8C5D676C}"
EndProject
Project("{8BC9CEB8-8B4A-11D0-8D11-00A0C91BC942}") = "Fraction", "Fraction\Fraction.vcxproj", "{B6E07B75-1C84-4E09-882E-AAB4197E8733}"
EndProject
Project("{8BC9CEB8-8B4A-11D0-8D11-00A0C91BC942}") = "Fraction_in_Class", "Fraction_in_Class\Fraction_in_Class.vcxproj", "{CCDB0BF2-1FDB-4238-855E-20826C051FED}"
EndProject
Project("{8BC9CEB8-8B4A-11D0-8D11-00A0C91BC942}") = "String", "String\String.vcxproj", "{9759EFF9-7443-4C6F-86D3-3DB3EDF455FA}"
EndProject
Project("{8BC9CEB8-8B4A-11D0-8D11-00A0C91BC942}") = "String_in_class", "String_in_class\String_in_class.vcxproj", "{B9258F92-19FC-4035-A948-8815C2552814}"
EndProject
Project("{8BC9CEB8-8B4A-11D0-8D11-00A0C91BC942}") = "Matrix", "Matrix\Matrix.vcxproj", "{E0024830-0828-4458-97F6-865699576E9B}"
EndProject
Global
	GlobalSection(SolutionConfigurationPlatforms) = preSolution
		Debug|x64 = Debug|x64
		Debug|x86 = Debug|x86
		Release|x64 = Release|x64
		Release|x86 = Release|x86
	EndGlobalSection
	GlobalSection(ProjectConfigurationPlatforms) = postSolution
		{9B218A65-B321-4D21-8C47-D47B8C5D676C}.Debug|x64.ActiveCfg = Debug|x64
		{9B218A65-B321-4D21-8C47-D47B8C5D676C}.Debug|x64.Build.0 = Debug|x64
		{9B218A65-B321-4D21-8C47-D47B8C5D676C}.Debug|x86.ActiveCfg = Debug|Win32
		{9B218A65-B321-4D21-8C47-D47B8C5D676C}.Debug|x86.Build.0 = Debug|Win32
		{9B218A65-B321-4D21-8C47-D47B8C5D676C}.Release|x64.ActiveCfg = Release|x64
		{9B218A65-B321-4D21-8C47-D47B8C5D676C}.Release|x64.Build.0 = Release|x64
		{9B218A65-B321-4D21-8C47-D47B8C5D676C}.Release|x86.ActiveCfg = Release|Win32
		{9B218A65-B321-4D21-8C47-D47B8C5D676C}.Release|x86.Build.0 = Release|Win32
		{B6E07B75-1C84-4E09-882E-AAB4197E8733}.Debug|x64.ActiveCfg = Debug|x64
		{B6E07B75-1C84-4E09-882E-AAB4197E8733}.Debug|x64.Build.0 = Debug|x64
		{B6E07B75-1C84-4E09-882E-AAB4197E8733}.Debug|x86.ActiveCfg = Debug|Win32
		{B6E07B75-1C84-4E09-882E-AAB4197E8733}.Debug|x86.Build.0 = Debug|Win32
		{B6E07B75-1C84-4E09-882E-AAB4197E8733}.Release|x64.ActiveCfg = Release|x64
		{B6E07B75-1C84-4E09-882E-AAB4197E8733}.Release|x64.Build.0 = Release|x64
		{B6E07B75-1C84-4E09-882E-AAB4197E8733}.Release|x86.ActiveCfg = Release|Win32
		{B6E07B75-1C84-4E09-882E-AAB4197E8733}.Release|x86.Build.0 = Release|Win32
		{CCDB0BF2-1FDB-4238-855E-20826C051FED}.Debug|x64.ActiveCfg = Debug|x64
		{CCDB0BF2-1FDB-4238-855E-20826C051FED}.Debug|x64.Build.0 = Debug|x64
		{CCDB0BF2-1FDB-4238-855E-20826C051FED}.Debug|x86.ActiveCfg = Debug|Win32
		{CCDB0BF2-1FDB-4238-855E-20826C051FED}.Debug|x86.Build.0 = Debug|Win32
		{CCDB0BF2-1FDB-4238-855E-20826C051FED}.Release|x64.ActiveCfg = Release|x64
		{CCDB0BF2-1FDB-4238-855E-20826C051FED}.Release|x64.Build.0 = Release|x64
		{CCDB0BF2-1FDB-4238-855E-20826C051FED}.Release|x86.ActiveCfg = Release|Win32
		{CCDB0BF2-1FDB-4238-855E-20826C051FED}.Release|x86.Build.0 = Release|Win32
		{9759EFF9-7443-4C6F-86D3-3DB3EDF455FA}.Debug|x64.ActiveCfg = Debug|x64
		{9759EFF9-7443-4C6F-86D3-3DB3EDF455FA}.Debug|x64.Build.0 = Debug|x64
		{9759EFF9-7443-4C6F-86D3-3DB3EDF455FA}.Debug|x86.ActiveCfg = Debug|Win32
		{9759EFF9-7443-4C6F-86D3-3DB3EDF455FA}.Debug|x86.Build.0 = Debug|Win32
		{9759EFF9-7443-4C6F-86D3-3DB3EDF455FA}.Release|x64.ActiveCfg = Release|x64
		{9759EFF9-7443-4C6F-86D3-3DB3EDF455FA}.Release|x64.Build.0 = Release|x64
		{9759EFF9-7443-4C6F-86D3-3DB3EDF455FA}.Release|x86.ActiveCfg = Release|Win32
		{9759EFF9-7443-4C6F-86D3-3DB3EDF455FA}.Release|x86.Build.0 = Release|Win32
		{B9258F92-19FC-4035-A948-8815C2552814}.Debug|x64.ActiveCfg = Debug|x64
		{B9258F92-19FC-4035-A948-8815C2552814}.Debug|x64.Build.0 = Debug|x64
		{B9258F92-19FC-4035-A948-8815C2552814}.Debug|x86.ActiveCfg = Debug|Win32
		{B9258F92-19FC-4035-A948-8815C2552814}.Debug|x86.Build.0 = Debug|Win32
		{B9258F92-19FC-4035-A948-8815C2552814}.Release|x64.ActiveCfg = Release|x64
		{B9258F92-19FC-4035-A948-8815C2552814}.Release|x64.Build.0 = Release|x64
		{B9258F92-19FC-4035-A948-8815C2552814}.Release|x86.ActiveCfg = Release|Win32
		{B9258F92-19FC-4035-A948-8815C2552814}.Release|x86.Build.0 = Release|Win32
		{E0024830-0828-4458-97F6-865699576E9B}.Debug|x64.ActiveCfg = Debug|x64
		{E0024830-0828-4458-97F6-865699576E9B}.Debug|x64.Build.0 = Debug|x64
		{E0024830-0828-4458-97F6-865699576E9B}.Debug|x86.ActiveCfg = Debug|Win32
		{E0024830-0828-4458-97F6-865699576E9B}.Debug|x86.Build.0 = Debug|Win32
		{E0024830-0828-4458-97F6-865699576E9B}.Release|x64.ActiveCfg = Release|x64
		{E0024830-0828-4458-97F6-865699576E9B}.Release|x64.Build.0 = Release|x64
		{E0024830-0828-4458-97F6-865699576E9B}.Release|x86.ActiveCfg = Release|Win32
		{E0024830-0828-4458-97F6-865699576E9B}.Release|x86.Build.0 = Release|Win32
	EndGlobalSection
	GlobalSection(SolutionProperties) = preSolution
		HideSolutionNode = FALSE
	EndGlobalSection
	GlobalSection(ExtensibilityGlobals) = postSolution
		SolutionGuid = {5E58A3C6-F385-4741-86DD-D84504D83D2D}
	EndGlobalSection
EndGlobal
